
Microsoft Visual Studio Solution File, Format Version 12.00
# Visual Studio Version 16
VisualStudioVersion = 16.0.29613.14
MinimumVisualStudioVersion = 10.0.40219.1
Project("{8BC9CEB8-8B4A-11D0-8D11-00A0C91BC942}") = "PatientWT", "PatientWT\PatientWT.vcxproj", "{F735DA1B-2FF7-4D3B-AEED-4D8882B943BC}"
EndProject
Global
	GlobalSection(SolutionConfigurationPlatforms) = preSolution
		Debug|x64 = Debug|x64
		Debug|x86 = Debug|x86
		Release|x64 = Release|x64
		Release|x86 = Release|x86
	EndGlobalSection
	GlobalSection(ProjectConfigurationPlatforms) = postSolution
		{F735DA1B-2FF7-4D3B-AEED-4D8882B943BC}.Debug|x64.ActiveCfg = Debug|x64
		{F735DA1B-2FF7-4D3B-AEED-4D8882B943BC}.Debug|x64.Build.0 = Debug|x64
		{F735DA1B-2FF7-4D3B-AEED-4D8882B943BC}.Debug|x86.ActiveCfg = Debug|Win32
		{F735DA1B-2FF7-4D3B-AEED-4D8882B943BC}.Debug|x86.Build.0 = Debug|Win32
		{F735DA1B-2FF7-4D3B-AEED-4D8882B943BC}.Release|x64.ActiveCfg = Release|x64
		{F735DA1B-2FF7-4D3B-AEED-4D8882B943BC}.Release|x64.Build.0 = Release|x64
		{F735DA1B-2FF7-4D3B-AEED-4D8882B943BC}.Release|x86.ActiveCfg = Release|Win32
		{F735DA1B-2FF7-4D3B-AEED-4D8882B943BC}.Release|x86.Build.0 = Release|Win32
	EndGlobalSection
	GlobalSection(SolutionProperties) = preSolution
		HideSolutionNode = FALSE
	EndGlobalSection
	GlobalSection(ExtensibilityGlobals) = postSolution
		SolutionGuid = {F606C1A5-618A-4274-A82A-8736B5AD0CC6}
	EndGlobalSection
EndGlobal
